
Microsoft Visual Studio Solution File, Format Version 12.00
# Visual Studio Version 16
VisualStudioVersion = 16.0.30611.23
MinimumVisualStudioVersion = 10.0.40219.1
Project("{FAE04EC0-301F-11D3-BF4B-00C04F79EFBC}") = "OpenANV", "OpenANV.csproj", "{4A221B58-BCC6-4228-8A7E-1B1F554B4A06}"
EndProject
Global
	GlobalSection(SolutionConfigurationPlatforms) = preSolution
		Debug|Any CPU = Debug|Any CPU
		Release|Any CPU = Release|Any CPU
	EndGlobalSection
	GlobalSection(ProjectConfigurationPlatforms) = postSolution
		{4A221B58-BCC6-4228-8A7E-1B1F554B4A06}.Debug|Any CPU.ActiveCfg = Debug|Any CPU
		{4A221B58-BCC6-4228-8A7E-1B1F554B4A06}.Debug|Any CPU.Build.0 = Debug|Any CPU
		{4A221B58-BCC6-4228-8A7E-1B1F554B4A06}.Release|Any CPU.ActiveCfg = Release|Any CPU
		{4A221B58-BCC6-4228-8A7E-1B1F554B4A06}.Release|Any CPU.Build.0 = Release|Any CPU
	EndGlobalSection
	GlobalSection(SolutionProperties) = preSolution
		HideSolutionNode = FALSE
	EndGlobalSection
	GlobalSection(ExtensibilityGlobals) = postSolution
		SolutionGuid = {4FE9D743-D41E-48FA-A4C3-0D90C3DBD2BD}
	EndGlobalSection
EndGlobal
